
Microsoft Visual Studio Solution File, Format Version 12.00
# Visual Studio Version 16
VisualStudioVersion = 16.0.33027.164
MinimumVisualStudioVersion = 10.0.40219.1
Project("{FAE04EC0-301F-11D3-BF4B-00C04F79EFBC}") = "ToDoList", "ToDoList\ToDoList.csproj", "{3BD61C16-04B2-4F09-A398-58BF5A23421E}"
EndProject
Global
	GlobalSection(SolutionConfigurationPlatforms) = preSolution
		Debug|Any CPU = Debug|Any CPU
		Release|Any CPU = Release|Any CPU
	EndGlobalSection
	GlobalSection(ProjectConfigurationPlatforms) = postSolution
		{3BD61C16-04B2-4F09-A398-58BF5A23421E}.Debug|Any CPU.ActiveCfg = Debug|Any CPU
		{3BD61C16-04B2-4F09-A398-58BF5A23421E}.Debug|Any CPU.Build.0 = Debug|Any CPU
		{3BD61C16-04B2-4F09-A398-58BF5A23421E}.Release|Any CPU.ActiveCfg = Release|Any CPU
		{3BD61C16-04B2-4F09-A398-58BF5A23421E}.Release|Any CPU.Build.0 = Release|Any CPU
	EndGlobalSection
	GlobalSection(SolutionProperties) = preSolution
		HideSolutionNode = FALSE
	EndGlobalSection
	GlobalSection(ExtensibilityGlobals) = postSolution
		SolutionGuid = {7A479502-830E-4650-8745-6231BC36D338}
	EndGlobalSection
EndGlobal
